
Microsoft Visual Studio Solution File, Format Version 12.00
# Visual Studio Version 16
VisualStudioVersion = 16.0.32126.315
MinimumVisualStudioVersion = 10.0.40219.1
Project("{FAE04EC0-301F-11D3-BF4B-00C04F79EFBC}") = "HotelListing", "HotelListing\HotelListing.csproj", "{BC38E2AA-F5B0-473A-AF47-8D109B62FCFF}"
EndProject
Global
	GlobalSection(SolutionConfigurationPlatforms) = preSolution
		Debug|Any CPU = Debug|Any CPU
		Release|Any CPU = Release|Any CPU
	EndGlobalSection
	GlobalSection(ProjectConfigurationPlatforms) = postSolution
		{BC38E2AA-F5B0-473A-AF47-8D109B62FCFF}.Debug|Any CPU.ActiveCfg = Debug|Any CPU
		{BC38E2AA-F5B0-473A-AF47-8D109B62FCFF}.Debug|Any CPU.Build.0 = Debug|Any CPU
		{BC38E2AA-F5B0-473A-AF47-8D109B62FCFF}.Release|Any CPU.ActiveCfg = Release|Any CPU
		{BC38E2AA-F5B0-473A-AF47-8D109B62FCFF}.Release|Any CPU.Build.0 = Release|Any CPU
	EndGlobalSection
	GlobalSection(SolutionProperties) = preSolution
		HideSolutionNode = FALSE
	EndGlobalSection
	GlobalSection(ExtensibilityGlobals) = postSolution
		SolutionGuid = {DC28B3A6-8219-4B15-90FF-54098CC4A242}
	EndGlobalSection
EndGlobal
